
Microsoft Visual Studio Solution File, Format Version 12.00
# Visual Studio 15
Project("{FAE04EC0-301F-11D3-BF4B-00C04F79EFBC}") = "Assembly-CSharp", "Assembly-CSharp.csproj", "{1D2E8B48-CD9A-F224-B3FF-6B0B438AB936}"
EndProject
Project("{FAE04EC0-301F-11D3-BF4B-00C04F79EFBC}") = "Assembly-CSharp-Editor", "Assembly-CSharp-Editor.csproj", "{9CA10F51-98AD-6E19-046B-9A12E7A54151}"
EndProject
Global
	GlobalSection(SolutionConfigurationPlatforms) = preSolution
		Debug|Any CPU = Debug|Any CPU
		Release|Any CPU = Release|Any CPU
	EndGlobalSection
	GlobalSection(ProjectConfigurationPlatforms) = postSolution
		{1D2E8B48-CD9A-F224-B3FF-6B0B438AB936}.Debug|Any CPU.ActiveCfg = Debug|Any CPU
		{1D2E8B48-CD9A-F224-B3FF-6B0B438AB936}.Debug|Any CPU.Build.0 = Debug|Any CPU
		{1D2E8B48-CD9A-F224-B3FF-6B0B438AB936}.Release|Any CPU.ActiveCfg = Release|Any CPU
		{1D2E8B48-CD9A-F224-B3FF-6B0B438AB936}.Release|Any CPU.Build.0 = Release|Any CPU
		{9CA10F51-98AD-6E19-046B-9A12E7A54151}.Debug|Any CPU.ActiveCfg = Debug|Any CPU
		{9CA10F51-98AD-6E19-046B-9A12E7A54151}.Debug|Any CPU.Build.0 = Debug|Any CPU
		{9CA10F51-98AD-6E19-046B-9A12E7A54151}.Release|Any CPU.ActiveCfg = Release|Any CPU
		{9CA10F51-98AD-6E19-046B-9A12E7A54151}.Release|Any CPU.Build.0 = Release|Any CPU
	EndGlobalSection
	GlobalSection(SolutionProperties) = preSolution
		HideSolutionNode = FALSE
	EndGlobalSection
EndGlobal
